
Microsoft Visual Studio Solution File, Format Version 12.00
# Visual Studio 14
VisualStudioVersion = 14.0.25420.1
MinimumVisualStudioVersion = 10.0.40219.1
Project("{2150E333-8FDC-42A3-9474-1A3956D46DE8}") = "Core", "Core", "{8436BD1A-C722-4D8A-AA33-43B4C0597C72}"
EndProject
Project("{FAE04EC0-301F-11D3-BF4B-00C04F79EFBC}") = "BlazeServer.Core", "BlazeServer.Core\BlazeServer.Core.csproj", "{AD1106A5-BAD8-4AB3-B087-F6D41CBC6F6D}"
EndProject
Project("{FAE04EC0-301F-11D3-BF4B-00C04F79EFBC}") = "BlazeServer.Common", "BlazeServer.Common\BlazeServer.Common.csproj", "{E5115124-3E4F-4794-80B9-770BF596BB54}"
EndProject
Project("{FAE04EC0-301F-11D3-BF4B-00C04F79EFBC}") = "BlazeServer.Extensibility", "BlazeServer.Extensibility\BlazeServer.Extensibility.csproj", "{ACA29DD8-03AB-4E68-BE4E-CB2B2C831CDA}"
EndProject
Project("{2150E333-8FDC-42A3-9474-1A3956D46DE8}") = "Hosts", "Hosts", "{0D5F882A-0995-456E-8C48-412186CAB662}"
EndProject
Project("{FAE04EC0-301F-11D3-BF4B-00C04F79EFBC}") = "BlazeServer.Host", "BlazeServer.Host\BlazeServer.Host.csproj", "{DE695E0E-C402-4C0A-B9B9-F41BD1671313}"
EndProject
Global
	GlobalSection(SolutionConfigurationPlatforms) = preSolution
		Debug|Any CPU = Debug|Any CPU
		Release|Any CPU = Release|Any CPU
	EndGlobalSection
	GlobalSection(ProjectConfigurationPlatforms) = postSolution
		{AD1106A5-BAD8-4AB3-B087-F6D41CBC6F6D}.Debug|Any CPU.ActiveCfg = Debug|Any CPU
		{AD1106A5-BAD8-4AB3-B087-F6D41CBC6F6D}.Debug|Any CPU.Build.0 = Debug|Any CPU
		{AD1106A5-BAD8-4AB3-B087-F6D41CBC6F6D}.Release|Any CPU.ActiveCfg = Release|Any CPU
		{AD1106A5-BAD8-4AB3-B087-F6D41CBC6F6D}.Release|Any CPU.Build.0 = Release|Any CPU
		{E5115124-3E4F-4794-80B9-770BF596BB54}.Debug|Any CPU.ActiveCfg = Debug|Any CPU
		{E5115124-3E4F-4794-80B9-770BF596BB54}.Debug|Any CPU.Build.0 = Debug|Any CPU
		{E5115124-3E4F-4794-80B9-770BF596BB54}.Release|Any CPU.ActiveCfg = Release|Any CPU
		{E5115124-3E4F-4794-80B9-770BF596BB54}.Release|Any CPU.Build.0 = Release|Any CPU
		{ACA29DD8-03AB-4E68-BE4E-CB2B2C831CDA}.Debug|Any CPU.ActiveCfg = Debug|Any CPU
		{ACA29DD8-03AB-4E68-BE4E-CB2B2C831CDA}.Debug|Any CPU.Build.0 = Debug|Any CPU
		{ACA29DD8-03AB-4E68-BE4E-CB2B2C831CDA}.Release|Any CPU.ActiveCfg = Release|Any CPU
		{ACA29DD8-03AB-4E68-BE4E-CB2B2C831CDA}.Release|Any CPU.Build.0 = Release|Any CPU
		{DE695E0E-C402-4C0A-B9B9-F41BD1671313}.Debug|Any CPU.ActiveCfg = Debug|Any CPU
		{DE695E0E-C402-4C0A-B9B9-F41BD1671313}.Debug|Any CPU.Build.0 = Debug|Any CPU
		{DE695E0E-C402-4C0A-B9B9-F41BD1671313}.Release|Any CPU.ActiveCfg = Release|Any CPU
		{DE695E0E-C402-4C0A-B9B9-F41BD1671313}.Release|Any CPU.Build.0 = Release|Any CPU
	EndGlobalSection
	GlobalSection(SolutionProperties) = preSolution
		HideSolutionNode = FALSE
	EndGlobalSection
	GlobalSection(NestedProjects) = preSolution
		{AD1106A5-BAD8-4AB3-B087-F6D41CBC6F6D} = {8436BD1A-C722-4D8A-AA33-43B4C0597C72}
		{E5115124-3E4F-4794-80B9-770BF596BB54} = {8436BD1A-C722-4D8A-AA33-43B4C0597C72}
		{ACA29DD8-03AB-4E68-BE4E-CB2B2C831CDA} = {8436BD1A-C722-4D8A-AA33-43B4C0597C72}
		{DE695E0E-C402-4C0A-B9B9-F41BD1671313} = {0D5F882A-0995-456E-8C48-412186CAB662}
	EndGlobalSection
EndGlobal
